dependencies:
- name: common
  repository: oci://registry-1.docker.io/bitnamicharts
  version: 2.4.0
- name: oracledb
  repository: oci://registry.sptcloud.com/charts
  version: 0.1.2
digest: sha256:32f8d7cb510c8f04e65d054462e48f41f6b98b0866c4fa2561ee0b370ee0e2e2
generated: "2023-06-28T15:54:20.523432-04:00"
